{
  "name": "media-to-gif",
  "version": "0.1.0",
  "lockfileVersion": 3,
  "requires": true,
  "packages": {
    "": {
      "name": "media-to-gif",
      "version": "0.1.0",
      "bin": {
        "img2gif": "bin/media-to-gif.js",
        "media-to-gif": "bin/media-to-gif.js"
      },
      "engines": {
        "node": ">=20"
      }
    }
  }
}
